PODS:
  - FBSnapshotTestCase (2.1.4):
    - FBSnapshotTestCase/SwiftSupport (= 2.1.4)
  - FBSnapshotTestCase/Core (2.1.4)
  - FBSnapshotTestCase/SwiftSupport (2.1.4):
    - FBSnapshotTestCase/Core
  - Kiwi (3.0.0)
  - PJCocoaPodsTestProject (0.1.0)

DEPENDENCIES:
  - FBSnapshotTestCase
  - Kiwi
  - PJCocoaPodsTestProject (from `../`)

SPEC REPOS:
  trunk:
    - FBSnapshotTestCase
    - Kiwi

EXTERNAL SOURCES:
  PJCocoaPodsTestProject:
    :path: "../"

SPEC CHECKSUMS:
  FBSnapshotTestCase: 094f9f314decbabe373b87cc339bea235a63e07a
  Kiwi: fbeafef0f00e4d8f7dcb3420a4930afe70af77f7
  PJCocoaPodsTestProject: 5bfd696d776601747fdfcdbbf1ca7dc09742f1a6

PODFILE CHECKSUM: ef11a2778b6fcc38e700ffc876ef4d2642b0b930

COCOAPODS: 1.8.4
